
Microsoft Visual Studio Solution File, Format Version 12.00
# Visual Studio Version 17
VisualStudioVersion = 17.8.34330.188
MinimumVisualStudioVersion = 10.0.40219.1
Project("{9A19103F-16F7-4668-BE54-9A1E7A4F7556}") = "BiiGBackend.Web", "BiiGBackend.Web\BiiGBackend.Web.csproj", "{36CA3DBA-42B2-4DF3-A84A-535D1875E8AB}"
EndProject
Project("{9A19103F-16F7-4668-BE54-9A1E7A4F7556}") = "BiiGBackend.Models", "BiiGBackend.Models\BiiGBackend.Models.csproj", "{515910E4-7FAF-4840-97CF-1B61633D41CA}"
EndProject
Project("{9A19103F-16F7-4668-BE54-9A1E7A4F7556}") = "BiiGBackend.Infrastructure", "BiiGBackend.Infrastructure\BiiGBackend.Infrastructure.csproj", "{4643EB40-55C1-46D2-86B7-75BD93F9971B}"
EndProject
Project("{9A19103F-16F7-4668-BE54-9A1E7A4F7556}") = "BiiGBackend.ApplicationCore", "BiiGBackend.ApplicationCore\BiiGBackend.ApplicationCore.csproj", "{698DD7F8-65EB-48A0-BA18-0DE17D30EEEC}"
EndProject
Project("{FAE04EC0-301F-11D3-BF4B-00C04F79EFBC}") = "BiiGBackend.StaticDefinitions", "BiiGBackend.StaticDefinitions\BiiGBackend.StaticDefinitions.csproj", "{69ABDC99-7AC2-4139-896B-67D97B6F0C43}"
EndProject
Global
	GlobalSection(SolutionConfigurationPlatforms) = preSolution
		Debug|Any CPU = Debug|Any CPU
		Release|Any CPU = Release|Any CPU
	EndGlobalSection
	GlobalSection(ProjectConfigurationPlatforms) = postSolution
		{36CA3DBA-42B2-4DF3-A84A-535D1875E8AB}.Debug|Any CPU.ActiveCfg = Debug|Any CPU
		{36CA3DBA-42B2-4DF3-A84A-535D1875E8AB}.Debug|Any CPU.Build.0 = Debug|Any CPU
		{36CA3DBA-42B2-4DF3-A84A-535D1875E8AB}.Release|Any CPU.ActiveCfg = Release|Any CPU
		{36CA3DBA-42B2-4DF3-A84A-535D1875E8AB}.Release|Any CPU.Build.0 = Release|Any CPU
		{515910E4-7FAF-4840-97CF-1B61633D41CA}.Debug|Any CPU.ActiveCfg = Debug|Any CPU
		{515910E4-7FAF-4840-97CF-1B61633D41CA}.Debug|Any CPU.Build.0 = Debug|Any CPU
		{515910E4-7FAF-4840-97CF-1B61633D41CA}.Release|Any CPU.ActiveCfg = Release|Any CPU
		{515910E4-7FAF-4840-97CF-1B61633D41CA}.Release|Any CPU.Build.0 = Release|Any CPU
		{4643EB40-55C1-46D2-86B7-75BD93F9971B}.Debug|Any CPU.ActiveCfg = Debug|Any CPU
		{4643EB40-55C1-46D2-86B7-75BD93F9971B}.Debug|Any CPU.Build.0 = Debug|Any CPU
		{4643EB40-55C1-46D2-86B7-75BD93F9971B}.Release|Any CPU.ActiveCfg = Release|Any CPU
		{4643EB40-55C1-46D2-86B7-75BD93F9971B}.Release|Any CPU.Build.0 = Release|Any CPU
		{698DD7F8-65EB-48A0-BA18-0DE17D30EEEC}.Debug|Any CPU.ActiveCfg = Debug|Any CPU
		{698DD7F8-65EB-48A0-BA18-0DE17D30EEEC}.Debug|Any CPU.Build.0 = Debug|Any CPU
		{698DD7F8-65EB-48A0-BA18-0DE17D30EEEC}.Release|Any CPU.ActiveCfg = Release|Any CPU
		{698DD7F8-65EB-48A0-BA18-0DE17D30EEEC}.Release|Any CPU.Build.0 = Release|Any CPU
		{69ABDC99-7AC2-4139-896B-67D97B6F0C43}.Debug|Any CPU.ActiveCfg = Debug|Any CPU
		{69ABDC99-7AC2-4139-896B-67D97B6F0C43}.Debug|Any CPU.Build.0 = Debug|Any CPU
		{69ABDC99-7AC2-4139-896B-67D97B6F0C43}.Release|Any CPU.ActiveCfg = Release|Any CPU
		{69ABDC99-7AC2-4139-896B-67D97B6F0C43}.Release|Any CPU.Build.0 = Release|Any CPU
	EndGlobalSection
	GlobalSection(SolutionProperties) = preSolution
		HideSolutionNode = FALSE
	EndGlobalSection
	GlobalSection(ExtensibilityGlobals) = postSolution
		SolutionGuid = {4C17AA9F-0BAB-4417-B075-34348FBEAF92}
	EndGlobalSection
EndGlobal
